{
  "meteor": {},
  "dependencies": {
    "basePackages": {
      "roles": {},
      "mini-pages": {}
    },
    "packages": {
      "roles": {
        "git": "https://github.com/alanning/meteor-roles.git",
        "tag": "v1.2.11",
        "commit": "2d7dc91848ec874d3a0852c77f462d0fae749de5"
      },
      "mini-pages": {
        "git": "https://github.com/cmather/meteor-mini-pages.git",
        "tag": "v0.3.2",
        "commit": "4d885ffb6d0108ee2e47a13a6296c98a2f7b5059"
      },
      "HTML5-History-API": {
        "git": "https://github.com/tmeasday/meteor-HTML5-History-API.git",
        "tag": "v4.1.2",
        "commit": "b5fca79f9ae8936e5f748a04f475295f4fa1cc7a"
      },
      "page-js-ie-support": {
        "git": "https://github.com/tmeasday/meteor-page-js-ie-support.git",
        "tag": "v1.3.5",
        "commit": "b99ed8380aefd10b2afc8f18d9eed4dd0d8ea9cb"
      }
    }
  }
}
